
Microsoft Visual Studio Solution File, Format Version 12.00
# Visual Studio Version 17
VisualStudioVersion = 17.10.35122.118
MinimumVisualStudioVersion = 10.0.40219.1
Project("{FAE04EC0-301F-11D3-BF4B-00C04F79EFBC}") = "Angular_project.API", "Angular_project.API\Angular_project.API.csproj", "{BF83F7C5-A7BD-4759-95AB-9A15638C7486}"
EndProject
Global
	GlobalSection(SolutionConfigurationPlatforms) = preSolution
		Debug|Any CPU = Debug|Any CPU
		Release|Any CPU = Release|Any CPU
	EndGlobalSection
	GlobalSection(ProjectConfigurationPlatforms) = postSolution
		{BF83F7C5-A7BD-4759-95AB-9A15638C7486}.Debug|Any CPU.ActiveCfg = Debug|Any CPU
		{BF83F7C5-A7BD-4759-95AB-9A15638C7486}.Debug|Any CPU.Build.0 = Debug|Any CPU
		{BF83F7C5-A7BD-4759-95AB-9A15638C7486}.Release|Any CPU.ActiveCfg = Release|Any CPU
		{BF83F7C5-A7BD-4759-95AB-9A15638C7486}.Release|Any CPU.Build.0 = Release|Any CPU
	EndGlobalSection
	GlobalSection(SolutionProperties) = preSolution
		HideSolutionNode = FALSE
	EndGlobalSection
	GlobalSection(ExtensibilityGlobals) = postSolution
		SolutionGuid = {DB97D41D-35BF-498E-A1EB-2C9A8892C470}
	EndGlobalSection
EndGlobal
